// !$*UTF8*$!
{
	archiveVersion = 1;
	classes = {
	};
	objectVersion = 50;
	objects = {

/* Begin PBXBuildFile section */
		8BF650EE26F78D910073BF8C /* AppDelegate.swift in Sources */ = {isa = PBXBuildFile; fileRef = 8BF650ED26F78D910073BF8C /* AppDelegate.swift */; };
		8BF650F026F78D910073BF8C /* SceneDelegate.swift in Sources */ = {isa = PBXBuildFile; fileRef = 8BF650EF26F78D910073BF8C /* SceneDelegate.swift */; };
		8BF650F226F78D910073BF8C /* ViewController.swift in Sources */ = {isa = PBXBuildFile; fileRef = 8BF650F126F78D910073BF8C /* ViewController.swift */; };
		8BF650F526F78D910073BF8C /* Main.storyboard in Resources */ = {isa = PBXBuildFile; fileRef = 8BF650F326F78D910073BF8C /* Main.storyboard */; };
		8BF650F726F78D930073BF8C /* Assets.xcassets in Resources */ = {isa = PBXBuildFile; fileRef = 8BF650F626F78D930073BF8C /* Assets.xcassets */; };
		8BF650FA26F78D930073BF8C /* LaunchScreen.storyboard in Resources */ = {isa = PBXBuildFile; fileRef = 8BF650F826F78D930073BF8C /* LaunchScreen.storyboard */; };
		8BF6510226F797CB0073BF8C /* ImageDownloaderEx.swift in Sources */ = {isa = PBXBuildFile; fileRef = 8BF6510126F797CB0073BF8C /* ImageDownloaderEx.swift */; };
		8BF6510526F799D10073BF8C /* MVVMHelpers.swift in Sources */ = {isa = PBXBuildFile; fileRef = 8BF6510426F799D10073BF8C /* MVVMHelpers.swift */; };
		8BF6510726F79A160073BF8C /* Observable.swift in Sources */ = {isa = PBXBuildFile; fileRef = 8BF6510626F79A160073BF8C /* Observable.swift */; };
		8BF6510A26F79B330073BF8C /* NetworkService.swift in Sources */ = {isa = PBXBuildFile; fileRef = 8BF6510926F79B330073BF8C /* NetworkService.swift */; };
		8BF6510D26F79F1A0073BF8C /* Request.swift in Sources */ = {isa = PBXBuildFile; fileRef = 8BF6510C26F79F1A0073BF8C /* Request.swift */; };
		8BF6511126F7A0200073BF8C /* Model.swift in Sources */ = {isa = PBXBuildFile; fileRef = 8BF6511026F7A0200073BF8C /* Model.swift */; };
		8BF6511326F7AD710073BF8C /* ArticleListVC.swift in Sources */ = {isa = PBXBuildFile; fileRef = 8BF6511226F7AD710073BF8C /* ArticleListVC.swift */; };
		8BF6511526F7AD7D0073BF8C /* ArticleListVM.swift in Sources */ = {isa = PBXBuildFile; fileRef = 8BF6511426F7AD7D0073BF8C /* ArticleListVM.swift */; };
		8BF6511726F7AD890073BF8C /* ArticleListService.swift in Sources */ = {isa = PBXBuildFile; fileRef = 8BF6511626F7AD890073BF8C /* ArticleListService.swift */; };
		8BF6511A26F7ADBC0073BF8C /* ArticleModel.swift in Sources */ = {isa = PBXBuildFile; fileRef = 8BF6511926F7ADBC0073BF8C /* ArticleModel.swift */; };
		8BF6511C26F7B8350073BF8C /* StoryboardEx.swift in Sources */ = {isa = PBXBuildFile; fileRef = 8BF6511B26F7B8350073BF8C /* StoryboardEx.swift */; };
		8BF6511E26F7BBC90073BF8C /* UIViewControllerEx.swift in Sources */ = {isa = PBXBuildFile; fileRef = 8BF6511D26F7BBC90073BF8C /* UIViewControllerEx.swift */; };
		8BF6512126F7BCAB0073BF8C /* ArticleListTVC.swift in Sources */ = {isa = PBXBuildFile; fileRef = 8BF6511F26F7BCAB0073BF8C /* ArticleListTVC.swift */; };
		8BF6512226F7BCAB0073BF8C /* ArticleListTVC.xib in Resources */ = {isa = PBXBuildFile; fileRef = 8BF6512026F7BCAB0073BF8C /* ArticleListTVC.xib */; };
		8BF6512426F7BCD20073BF8C /* ReusableProtocol.swift in Sources */ = {isa = PBXBuildFile; fileRef = 8BF6512326F7BCD20073BF8C /* ReusableProtocol.swift */; };
		8BF6512C26F7CE730073BF8C /* NYTimesDemoTests.swift in Sources */ = {isa = PBXBuildFile; fileRef = 8BF6512B26F7CE730073BF8C /* NYTimesDemoTests.swift */; };
		8BF6513926F7D0AF0073BF8C /* ArticleListServiceTests.swift in Sources */ = {isa = PBXBuildFile; fileRef = 8BF6513826F7D0AF0073BF8C /* ArticleListServiceTests.swift */; };
		8BF6513D26F7E7940073BF8C /* URLSessionMock.swift in Sources */ = {isa = PBXBuildFile; fileRef = 8BF6513326F7D05C0073BF8C /* URLSessionMock.swift */; };
		8BF6513F26F7E7980073BF8C /* URLSessionDataTaskMock.swift in Sources */ = {isa = PBXBuildFile; fileRef = 8BF6513626F7D0890073BF8C /* URLSessionDataTaskMock.swift */; };
/* End PBXBuildFile section */

/* Begin PBXContainerItemProxy section */
		8BF6512E26F7CE730073BF8C /* PBXContainerItemProxy */ = {
			isa = PBXContainerItemProxy;
			containerPortal = 8BF650E226F78D910073BF8C /* Project object */;
			proxyType = 1;
			remoteGlobalIDString = 8BF650E926F78D910073BF8C;
			remoteInfo = NYTimesDemo;
		};
/* End PBXContainerItemProxy section */

/* Begin PBXFileReference section */
		8BF650EA26F78D910073BF8C /* NYTimesDemo.app */ = {isa = PBXFileReference; explicitFileType = wrapper.application; includeInIndex = 0; path = NYTimesDemo.app; sourceTree = BUILT_PRODUCTS_DIR; };
		8BF650ED26F78D910073BF8C /* AppDelegate.swift */ = {isa = PBXFileReference; lastKnownFileType = sourcecode.swift; path = AppDelegate.swift; sourceTree = "<group>"; };
		8BF650EF26F78D910073BF8C /* SceneDelegate.swift */ = {isa = PBXFileReference; lastKnownFileType = sourcecode.swift; path = SceneDelegate.swift; sourceTree = "<group>"; };
		8BF650F126F78D910073BF8C /* ViewController.swift */ = {isa = PBXFileReference; lastKnownFileType = sourcecode.swift; path = ViewController.swift; sourceTree = "<group>"; };
		8BF650F426F78D910073BF8C /* Base */ = {isa = PBXFileReference; lastKnownFileType = file.storyboard; name = Base; path = Base.lproj/Main.storyboard; sourceTree = "<group>"; };
		8BF650F626F78D930073BF8C /* Assets.xcassets */ = {isa = PBXFileReference; lastKnownFileType = folder.assetcatalog; path = Assets.xcassets; sourceTree = "<group>"; };
		8BF650F926F78D930073BF8C /* Base */ = {isa = PBXFileReference; lastKnownFileType = file.storyboard; name = Base; path = Base.lproj/LaunchScreen.storyboard; sourceTree = "<group>"; };
		8BF650FB26F78D930073BF8C /* Info.plist */ = {isa = PBXFileReference; lastKnownFileType = text.plist.xml; path = Info.plist; sourceTree = "<group>"; };
		8BF6510126F797CB0073BF8C /* ImageDownloaderEx.swift */ = {isa = PBXFileReference; lastKnownFileType = sourcecode.swift; path = ImageDownloaderEx.swift; sourceTree = "<group>"; };
		8BF6510426F799D10073BF8C /* MVVMHelpers.swift */ = {isa = PBXFileReference; lastKnownFileType = sourcecode.swift; path = MVVMHelpers.swift; sourceTree = "<group>"; };
		8BF6510626F79A160073BF8C /* Observable.swift */ = {isa = PBXFileReference; lastKnownFileType = sourcecode.swift; path = Observable.swift; sourceTree = "<group>"; };
		8BF6510926F79B330073BF8C /* NetworkService.swift */ = {isa = PBXFileReference; lastKnownFileType = sourcecode.swift; path = NetworkService.swift; sourceTree = "<group>"; };
		8BF6510C26F79F1A0073BF8C /* Request.swift */ = {isa = PBXFileReference; lastKnownFileType = sourcecode.swift; path = Request.swift; sourceTree = "<group>"; };
		8BF6511026F7A0200073BF8C /* Model.swift */ = {isa = PBXFileReference; lastKnownFileType = sourcecode.swift; path = Model.swift; sourceTree = "<group>"; };
		8BF6511226F7AD710073BF8C /* ArticleListVC.swift */ = {isa = PBXFileReference; lastKnownFileType = sourcecode.swift; path = ArticleListVC.swift; sourceTree = "<group>"; };
		8BF6511426F7AD7D0073BF8C /* ArticleListVM.swift */ = {isa = PBXFileReference; lastKnownFileType = sourcecode.swift; path = ArticleListVM.swift; sourceTree = "<group>"; };
		8BF6511626F7AD890073BF8C /* ArticleListService.swift */ = {isa = PBXFileReference; lastKnownFileType = sourcecode.swift; path = ArticleListService.swift; sourceTree = "<group>"; };
		8BF6511926F7ADBC0073BF8C /* ArticleModel.swift */ = {isa = PBXFileReference; lastKnownFileType = sourcecode.swift; path = ArticleModel.swift; sourceTree = "<group>"; };
		8BF6511B26F7B8350073BF8C /* StoryboardEx.swift */ = {isa = PBXFileReference; lastKnownFileType = sourcecode.swift; path = StoryboardEx.swift; sourceTree = "<group>"; };
		8BF6511D26F7BBC90073BF8C /* UIViewControllerEx.swift */ = {isa = PBXFileReference; lastKnownFileType = sourcecode.swift; path = UIViewControllerEx.swift; sourceTree = "<group>"; };
		8BF6511F26F7BCAB0073BF8C /* ArticleListTVC.swift */ = {isa = PBXFileReference; lastKnownFileType = sourcecode.swift; path = ArticleListTVC.swift; sourceTree = "<group>"; };
		8BF6512026F7BCAB0073BF8C /* ArticleListTVC.xib */ = {isa = PBXFileReference; lastKnownFileType = file.xib; path = ArticleListTVC.xib; sourceTree = "<group>"; };
		8BF6512326F7BCD20073BF8C /* ReusableProtocol.swift */ = {isa = PBXFileReference; lastKnownFileType = sourcecode.swift; path = ReusableProtocol.swift; sourceTree = "<group>"; };
		8BF6512926F7CE730073BF8C /* NYTimesDemoTests.xctest */ = {isa = PBXFileReference; explicitFileType = wrapper.cfbundle; includeInIndex = 0; path = NYTimesDemoTests.xctest; sourceTree = BUILT_PRODUCTS_DIR; };
		8BF6512B26F7CE730073BF8C /* NYTimesDemoTests.swift */ = {isa = PBXFileReference; lastKnownFileType = sourcecode.swift; path = NYTimesDemoTests.swift; sourceTree = "<group>"; };
		8BF6512D26F7CE730073BF8C /* Info.plist */ = {isa = PBXFileReference; lastKnownFileType = text.plist.xml; path = Info.plist; sourceTree = "<group>"; };
		8BF6513326F7D05C0073BF8C /* URLSessionMock.swift */ = {isa = PBXFileReference; lastKnownFileType = sourcecode.swift; path = URLSessionMock.swift; sourceTree = "<group>"; };
		8BF6513626F7D0890073BF8C /* URLSessionDataTaskMock.swift */ = {isa = PBXFileReference; lastKnownFileType = sourcecode.swift; path = URLSessionDataTaskMock.swift; sourceTree = "<group>"; };
		8BF6513826F7D0AF0073BF8C /* ArticleListServiceTests.swift */ = {isa = PBXFileReference; lastKnownFileType = sourcecode.swift; path = ArticleListServiceTests.swift; sourceTree = "<group>"; };
/* End PBXFileReference section */

/* Begin PBXFrameworksBuildPhase section */
		8BF650E726F78D910073BF8C /* Frameworks */ = {
			isa = PBXFrameworksBuildPhase;
			buildActionMask = 2147483647;
			files = (
			);
			runOnlyForDeploymentPostprocessing = 0;
		};
		8BF6512626F7CE730073BF8C /* Frameworks */ = {
			isa = PBXFrameworksBuildPhase;
			buildActionMask = 2147483647;
			files = (
			);
			runOnlyForDeploymentPostprocessing = 0;
		};
/* End PBXFrameworksBuildPhase section */

/* Begin PBXGroup section */
		8BF650E126F78D910073BF8C = {
			isa = PBXGroup;
			children = (
				8BF650EC26F78D910073BF8C /* NYTimesDemo */,
				8BF6512A26F7CE730073BF8C /* NYTimesDemoTests */,
				8BF650EB26F78D910073BF8C /* Products */,
			);
			sourceTree = "<group>";
		};
		8BF650EB26F78D910073BF8C /* Products */ = {
			isa = PBXGroup;
			children = (
				8BF650EA26F78D910073BF8C /* NYTimesDemo.app */,
				8BF6512926F7CE730073BF8C /* NYTimesDemoTests.xctest */,
			);
			name = Products;
			sourceTree = "<group>";
		};
		8BF650EC26F78D910073BF8C /* NYTimesDemo */ = {
			isa = PBXGroup;
			children = (
				8BF650ED26F78D910073BF8C /* AppDelegate.swift */,
				8BF650EF26F78D910073BF8C /* SceneDelegate.swift */,
				8BF6511826F7AD8E0073BF8C /* Article List */,
				8BF650F126F78D910073BF8C /* ViewController.swift */,
				8BF650F326F78D910073BF8C /* Main.storyboard */,
				8BF650F626F78D930073BF8C /* Assets.xcassets */,
				8BF650F826F78D930073BF8C /* LaunchScreen.storyboard */,
				8BF650FB26F78D930073BF8C /* Info.plist */,
				8BF6510326F797CE0073BF8C /* Extension */,
				8BF6510826F79A450073BF8C /* MVVM */,
				8BF6510B26F79F100073BF8C /* Network */,
			);
			path = NYTimesDemo;
			sourceTree = "<group>";
		};
		8BF6510326F797CE0073BF8C /* Extension */ = {
			isa = PBXGroup;
			children = (
				8BF6510126F797CB0073BF8C /* ImageDownloaderEx.swift */,
				8BF6511B26F7B8350073BF8C /* StoryboardEx.swift */,
				8BF6511D26F7BBC90073BF8C /* UIViewControllerEx.swift */,
				8BF6512326F7BCD20073BF8C /* ReusableProtocol.swift */,
			);
			path = Extension;
			sourceTree = "<group>";
		};
		8BF6510826F79A450073BF8C /* MVVM */ = {
			isa = PBXGroup;
			children = (
				8BF6510426F799D10073BF8C /* MVVMHelpers.swift */,
				8BF6510626F79A160073BF8C /* Observable.swift */,
			);
			path = MVVM;
			sourceTree = "<group>";
		};
		8BF6510B26F79F100073BF8C /* Network */ = {
			isa = PBXGroup;
			children = (
				8BF6510926F79B330073BF8C /* NetworkService.swift */,
				8BF6510C26F79F1A0073BF8C /* Request.swift */,
				8BF6511026F7A0200073BF8C /* Model.swift */,
			);
			path = Network;
			sourceTree = "<group>";
		};
		8BF6511826F7AD8E0073BF8C /* Article List */ = {
			isa = PBXGroup;
			children = (
				8BF6511226F7AD710073BF8C /* ArticleListVC.swift */,
				8BF6511426F7AD7D0073BF8C /* ArticleListVM.swift */,
				8BF6511626F7AD890073BF8C /* ArticleListService.swift */,
				8BF6511926F7ADBC0073BF8C /* ArticleModel.swift */,
				8BF6511F26F7BCAB0073BF8C /* ArticleListTVC.swift */,
				8BF6512026F7BCAB0073BF8C /* ArticleListTVC.xib */,
			);
			path = "Article List";
			sourceTree = "<group>";
		};
		8BF6512A26F7CE730073BF8C /* NYTimesDemoTests */ = {
			isa = PBXGroup;
			children = (
				8BF6512B26F7CE730073BF8C /* NYTimesDemoTests.swift */,
				8BF6512D26F7CE730073BF8C /* Info.plist */,
				8BF6513A26F7D34A0073BF8C /* Articles Tests */,
				8BF6513526F7D06A0073BF8C /* Network Mock */,
			);
			path = NYTimesDemoTests;
			sourceTree = "<group>";
		};
		8BF6513526F7D06A0073BF8C /* Network Mock */ = {
			isa = PBXGroup;
			children = (
				8BF6513326F7D05C0073BF8C /* URLSessionMock.swift */,
				8BF6513626F7D0890073BF8C /* URLSessionDataTaskMock.swift */,
			);
			path = "Network Mock";
			sourceTree = "<group>";
		};
		8BF6513A26F7D34A0073BF8C /* Articles Tests */ = {
			isa = PBXGroup;
			children = (
				8BF6513826F7D0AF0073BF8C /* ArticleListServiceTests.swift */,
			);
			path = "Articles Tests";
			sourceTree = "<group>";
		};
/* End PBXGroup section */

/* Begin PBXNativeTarget section */
		8BF650E926F78D910073BF8C /* NYTimesDemo */ = {
			isa = PBXNativeTarget;
			buildConfigurationList = 8BF650FE26F78D930073BF8C /* Build configuration list for PBXNativeTarget "NYTimesDemo" */;
			buildPhases = (
				8BF650E626F78D910073BF8C /* Sources */,
				8BF650E726F78D910073BF8C /* Frameworks */,
				8BF650E826F78D910073BF8C /* Resources */,
			);
			buildRules = (
			);
			dependencies = (
			);
			name = NYTimesDemo;
			productName = NYTimesDemo;
			productReference = 8BF650EA26F78D910073BF8C /* NYTimesDemo.app */;
			productType = "com.apple.product-type.application";
		};
		8BF6512826F7CE730073BF8C /* NYTimesDemoTests */ = {
			isa = PBXNativeTarget;
			buildConfigurationList = 8BF6513026F7CE730073BF8C /* Build configuration list for PBXNativeTarget "NYTimesDemoTests" */;
			buildPhases = (
				8BF6512526F7CE730073BF8C /* Sources */,
				8BF6512626F7CE730073BF8C /* Frameworks */,
				8BF6512726F7CE730073BF8C /* Resources */,
			);
			buildRules = (
			);
			dependencies = (
				8BF6512F26F7CE730073BF8C /* PBXTargetDependency */,
			);
			name = NYTimesDemoTests;
			productName = NYTimesDemoTests;
			productReference = 8BF6512926F7CE730073BF8C /* NYTimesDemoTests.xctest */;
			productType = "com.apple.product-type.bundle.unit-test";
		};
/* End PBXNativeTarget section */

/* Begin PBXProject section */
		8BF650E226F78D910073BF8C /* Project object */ = {
			isa = PBXProject;
			attributes = {
				LastSwiftUpdateCheck = 1250;
				LastUpgradeCheck = 1250;
				TargetAttributes = {
					8BF650E926F78D910073BF8C = {
						CreatedOnToolsVersion = 12.5;
					};
					8BF6512826F7CE730073BF8C = {
						CreatedOnToolsVersion = 12.5;
						TestTargetID = 8BF650E926F78D910073BF8C;
					};
				};
			};
			buildConfigurationList = 8BF650E526F78D910073BF8C /* Build configuration list for PBXProject "NYTimesDemo" */;
			compatibilityVersion = "Xcode 9.3";
			developmentRegion = en;
			hasScannedForEncodings = 0;
			knownRegions = (
				en,
				Base,
			);
			mainGroup = 8BF650E126F78D910073BF8C;
			productRefGroup = 8BF650EB26F78D910073BF8C /* Products */;
			projectDirPath = "";
			projectRoot = "";
			targets = (
				8BF650E926F78D910073BF8C /* NYTimesDemo */,
				8BF6512826F7CE730073BF8C /* NYTimesDemoTests */,
			);
		};
/* End PBXProject section */

/* Begin PBXResourcesBuildPhase section */
		8BF650E826F78D910073BF8C /* Resources */ = {
			isa = PBXResourcesBuildPhase;
			buildActionMask = 2147483647;
			files = (
				8BF6512226F7BCAB0073BF8C /* ArticleListTVC.xib in Resources */,
				8BF650FA26F78D930073BF8C /* LaunchScreen.storyboard in Resources */,
				8BF650F726F78D930073BF8C /* Assets.xcassets in Resources */,
				8BF650F526F78D910073BF8C /* Main.storyboard in Resources */,
			);
			runOnlyForDeploymentPostprocessing = 0;
		};
		8BF6512726F7CE730073BF8C /* Resources */ = {
			isa = PBXResourcesBuildPhase;
			buildActionMask = 2147483647;
			files = (
			);
			runOnlyForDeploymentPostprocessing = 0;
		};
/* End PBXResourcesBuildPhase section */

/* Begin PBXSourcesBuildPhase section */
		8BF650E626F78D910073BF8C /* Sources */ = {
			isa = PBXSourcesBuildPhase;
			buildActionMask = 2147483647;
			files = (
				8BF6511A26F7ADBC0073BF8C /* ArticleModel.swift in Sources */,
				8BF6511C26F7B8350073BF8C /* StoryboardEx.swift in Sources */,
				8BF650F226F78D910073BF8C /* ViewController.swift in Sources */,
				8BF6510D26F79F1A0073BF8C /* Request.swift in Sources */,
				8BF6510726F79A160073BF8C /* Observable.swift in Sources */,
				8BF6510226F797CB0073BF8C /* ImageDownloaderEx.swift in Sources */,
				8BF6511E26F7BBC90073BF8C /* UIViewControllerEx.swift in Sources */,
				8BF6511526F7AD7D0073BF8C /* ArticleListVM.swift in Sources */,
				8BF6511126F7A0200073BF8C /* Model.swift in Sources */,
				8BF650EE26F78D910073BF8C /* AppDelegate.swift in Sources */,
				8BF6512426F7BCD20073BF8C /* ReusableProtocol.swift in Sources */,
				8BF6510526F799D10073BF8C /* MVVMHelpers.swift in Sources */,
				8BF6511726F7AD890073BF8C /* ArticleListService.swift in Sources */,
				8BF6512126F7BCAB0073BF8C /* ArticleListTVC.swift in Sources */,
				8BF6511326F7AD710073BF8C /* ArticleListVC.swift in Sources */,
				8BF650F026F78D910073BF8C /* SceneDelegate.swift in Sources */,
				8BF6510A26F79B330073BF8C /* NetworkService.swift in Sources */,
			);
			runOnlyForDeploymentPostprocessing = 0;
		};
		8BF6512526F7CE730073BF8C /* Sources */ = {
			isa = PBXSourcesBuildPhase;
			buildActionMask = 2147483647;
			files = (
				8BF6513D26F7E7940073BF8C /* URLSessionMock.swift in Sources */,
				8BF6513F26F7E7980073BF8C /* URLSessionDataTaskMock.swift in Sources */,
				8BF6513926F7D0AF0073BF8C /* ArticleListServiceTests.swift in Sources */,
				8BF6512C26F7CE730073BF8C /* NYTimesDemoTests.swift in Sources */,
			);
			runOnlyForDeploymentPostprocessing = 0;
		};
/* End PBXSourcesBuildPhase section */

/* Begin PBXTargetDependency section */
		8BF6512F26F7CE730073BF8C /* PBXTargetDependency */ = {
			isa = PBXTargetDependency;
			target = 8BF650E926F78D910073BF8C /* NYTimesDemo */;
			targetProxy = 8BF6512E26F7CE730073BF8C /* PBXContainerItemProxy */;
		};
/* End PBXTargetDependency section */

/* Begin PBXVariantGroup section */
		8BF650F326F78D910073BF8C /* Main.storyboard */ = {
			isa = PBXVariantGroup;
			children = (
				8BF650F426F78D910073BF8C /* Base */,
			);
			name = Main.storyboard;
			sourceTree = "<group>";
		};
		8BF650F826F78D930073BF8C /* LaunchScreen.storyboard */ = {
			isa = PBXVariantGroup;
			children = (
				8BF650F926F78D930073BF8C /* Base */,
			);
			name = LaunchScreen.storyboard;
			sourceTree = "<group>";
		};
/* End PBXVariantGroup section */

/* Begin XCBuildConfiguration section */
		8BF650FC26F78D930073BF8C /* Debug */ = {
			isa = XCBuildConfiguration;
			buildSettings = {
				ALWAYS_SEARCH_USER_PATHS = NO;
				CLANG_ANALYZER_NONNULL = YES;
				CLANG_ANALYZER_NUMBER_OBJECT_CONVERSION = YES_AGGRESSIVE;
				CLANG_CXX_LANGUAGE_STANDARD = "gnu++14";
				CLANG_CXX_LIBRARY = "libc++";
				CLANG_ENABLE_MODULES = YES;
				CLANG_ENABLE_OBJC_ARC = YES;
				CLANG_ENABLE_OBJC_WEAK = YES;
				CLANG_WARN_BLOCK_CAPTURE_AUTORELEASING = YES;
				CLANG_WARN_BOOL_CONVERSION = YES;
				CLANG_WARN_COMMA = YES;
				CLANG_WARN_CONSTANT_CONVERSION = YES;
				CLANG_WARN_DEPRECATED_OBJC_IMPLEMENTATIONS = YES;
				CLANG_WARN_DIRECT_OBJC_ISA_USAGE = YES_ERROR;
				CLANG_WARN_DOCUMENTATION_COMMENTS = YES;
				CLANG_WARN_EMPTY_BODY = YES;
				CLANG_WARN_ENUM_CONVERSION = YES;
				CLANG_WARN_INFINITE_RECURSION = YES;
				CLANG_WARN_INT_CONVERSION = YES;
				CLANG_WARN_NON_LITERAL_NULL_CONVERSION = YES;
				CLANG_WARN_OBJC_IMPLICIT_RETAIN_SELF = YES;
				CLANG_WARN_OBJC_LITERAL_CONVERSION = YES;
				CLANG_WARN_OBJC_ROOT_CLASS = YES_ERROR;
				CLANG_WARN_QUOTED_INCLUDE_IN_FRAMEWORK_HEADER = YES;
				CLANG_WARN_RANGE_LOOP_ANALYSIS = YES;
				CLANG_WARN_STRICT_PROTOTYPES = YES;
				CLANG_WARN_SUSPICIOUS_MOVE = YES;
				CLANG_WARN_UNGUARDED_AVAILABILITY = YES_AGGRESSIVE;
				CLANG_WARN_UNREACHABLE_CODE = YES;
				CLANG_WARN__DUPLICATE_METHOD_MATCH = YES;
				COPY_PHASE_STRIP = NO;
				DEBUG_INFORMATION_FORMAT = dwarf;
				ENABLE_STRICT_OBJC_MSGSEND = YES;
				ENABLE_TESTABILITY = YES;
				GCC_C_LANGUAGE_STANDARD = gnu11;
				GCC_DYNAMIC_NO_PIC = NO;
				GCC_NO_COMMON_BLOCKS = YES;
				GCC_OPTIMIZATION_LEVEL = 0;
				GCC_PREPROCESSOR_DEFINITIONS = (
					"DEBUG=1",
					"$(inherited)",
				);
				GCC_WARN_64_TO_32_BIT_CONVERSION = YES;
				GCC_WARN_ABOUT_RETURN_TYPE = YES_ERROR;
				GCC_WARN_UNDECLARED_SELECTOR = YES;
				GCC_WARN_UNINITIALIZED_AUTOS = YES_AGGRESSIVE;
				GCC_WARN_UNUSED_FUNCTION = YES;
				GCC_WARN_UNUSED_VARIABLE = YES;
				IPHONEOS_DEPLOYMENT_TARGET = 14.5;
				MTL_ENABLE_DEBUG_INFO = INCLUDE_SOURCE;
				MTL_FAST_MATH = YES;
				ONLY_ACTIVE_ARCH = YES;
				SDKROOT = iphoneos;
				SWIFT_ACTIVE_COMPILATION_CONDITIONS = DEBUG;
				SWIFT_OPTIMIZATION_LEVEL = "-Onone";
			};
			name = Debug;
		};
		8BF650FD26F78D930073BF8C /* Release */ = {
			isa = XCBuildConfiguration;
			buildSettings = {
				ALWAYS_SEARCH_USER_PATHS = NO;
				CLANG_ANALYZER_NONNULL = YES;
				CLANG_ANALYZER_NUMBER_OBJECT_CONVERSION = YES_AGGRESSIVE;
				CLANG_CXX_LANGUAGE_STANDARD = "gnu++14";
				CLANG_CXX_LIBRARY = "libc++";
				CLANG_ENABLE_MODULES = YES;
				CLANG_ENABLE_OBJC_ARC = YES;
				CLANG_ENABLE_OBJC_WEAK = YES;
				CLANG_WARN_BLOCK_CAPTURE_AUTORELEASING = YES;
				CLANG_WARN_BOOL_CONVERSION = YES;
				CLANG_WARN_COMMA = YES;
				CLANG_WARN_CONSTANT_CONVERSION = YES;
				CLANG_WARN_DEPRECATED_OBJC_IMPLEMENTATIONS = YES;
				CLANG_WARN_DIRECT_OBJC_ISA_USAGE = YES_ERROR;
				CLANG_WARN_DOCUMENTATION_COMMENTS = YES;
				CLANG_WARN_EMPTY_BODY = YES;
				CLANG_WARN_ENUM_CONVERSION = YES;
				CLANG_WARN_INFINITE_RECURSION = YES;
				CLANG_WARN_INT_CONVERSION = YES;
				CLANG_WARN_NON_LITERAL_NULL_CONVERSION = YES;
				CLANG_WARN_OBJC_IMPLICIT_RETAIN_SELF = YES;
				CLANG_WARN_OBJC_LITERAL_CONVERSION = YES;
				CLANG_WARN_OBJC_ROOT_CLASS = YES_ERROR;
				CLANG_WARN_QUOTED_INCLUDE_IN_FRAMEWORK_HEADER = YES;
				CLANG_WARN_RANGE_LOOP_ANALYSIS = YES;
				CLANG_WARN_STRICT_PROTOTYPES = YES;
				CLANG_WARN_SUSPICIOUS_MOVE = YES;
				CLANG_WARN_UNGUARDED_AVAILABILITY = YES_AGGRESSIVE;
				CLANG_WARN_UNREACHABLE_CODE = YES;
				CLANG_WARN__DUPLICATE_METHOD_MATCH = YES;
				COPY_PHASE_STRIP = NO;
				DEBUG_INFORMATION_FORMAT = "dwarf-with-dsym";
				ENABLE_NS_ASSERTIONS = NO;
				ENABLE_STRICT_OBJC_MSGSEND = YES;
				GCC_C_LANGUAGE_STANDARD = gnu11;
				GCC_NO_COMMON_BLOCKS = YES;
				GCC_WARN_64_TO_32_BIT_CONVERSION = YES;
				GCC_WARN_ABOUT_RETURN_TYPE = YES_ERROR;
				GCC_WARN_UNDECLARED_SELECTOR = YES;
				GCC_WARN_UNINITIALIZED_AUTOS = YES_AGGRESSIVE;
				GCC_WARN_UNUSED_FUNCTION = YES;
				GCC_WARN_UNUSED_VARIABLE = YES;
				IPHONEOS_DEPLOYMENT_TARGET = 14.5;
				MTL_ENABLE_DEBUG_INFO = NO;
				MTL_FAST_MATH = YES;
				SDKROOT = iphoneos;
				SWIFT_COMPILATION_MODE = wholemodule;
				SWIFT_OPTIMIZATION_LEVEL = "-O";
				VALIDATE_PRODUCT = YES;
			};
			name = Release;
		};
		8BF650FF26F78D930073BF8C /* Debug */ = {
			isa = XCBuildConfiguration;
			buildSettings = {
				ASSETCATALOG_COMPILER_APPICON_NAME = AppIcon;
				ASSETCATALOG_COMPILER_GLOBAL_ACCENT_COLOR_NAME = AccentColor;
				CODE_SIGN_STYLE = Manual;
				DEVELOPMENT_TEAM = "";
				INFOPLIST_FILE = NYTimesDemo/Info.plist;
				IPHONEOS_DEPLOYMENT_TARGET = 13.0;
				LD_RUNPATH_SEARCH_PATHS = (
					"$(inherited)",
					"@executable_path/Frameworks",
				);
				PRODUCT_BUNDLE_IDENTIFIER = com.tickledmedia.NYTimesDemo;
				PRODUCT_NAME = "$(TARGET_NAME)";
				PROVISIONING_PROFILE_SPECIFIER = "";
				SWIFT_VERSION = 5.0;
				TARGETED_DEVICE_FAMILY = "1,2";
			};
			name = Debug;
		};
		8BF6510026F78D930073BF8C /* Release */ = {
			isa = XCBuildConfiguration;
			buildSettings = {
				ASSETCATALOG_COMPILER_APPICON_NAME = AppIcon;
				ASSETCATALOG_COMPILER_GLOBAL_ACCENT_COLOR_NAME = AccentColor;
				CODE_SIGN_STYLE = Manual;
				DEVELOPMENT_TEAM = "";
				INFOPLIST_FILE = NYTimesDemo/Info.plist;
				IPHONEOS_DEPLOYMENT_TARGET = 13.0;
				LD_RUNPATH_SEARCH_PATHS = (
					"$(inherited)",
					"@executable_path/Frameworks",
				);
				PRODUCT_BUNDLE_IDENTIFIER = com.tickledmedia.NYTimesDemo;
				PRODUCT_NAME = "$(TARGET_NAME)";
				PROVISIONING_PROFILE_SPECIFIER = "";
				SWIFT_VERSION = 5.0;
				TARGETED_DEVICE_FAMILY = "1,2";
			};
			name = Release;
		};
		8BF6513126F7CE730073BF8C /* Debug */ = {
			isa = XCBuildConfiguration;
			buildSettings = {
				BUNDLE_LOADER = "$(TEST_HOST)";
				CODE_SIGN_STYLE = Manual;
				DEVELOPMENT_TEAM = "";
				INFOPLIST_FILE = NYTimesDemoTests/Info.plist;
				LD_RUNPATH_SEARCH_PATHS = (
					"$(inherited)",
					"@executable_path/Frameworks",
					"@loader_path/Frameworks",
				);
				PRODUCT_BUNDLE_IDENTIFIER = com.tickledmedia.NYTimesDemoTests;
				PRODUCT_NAME = "$(TARGET_NAME)";
				PROVISIONING_PROFILE_SPECIFIER = "";
				"PROVISIONING_PROFILE_SPECIFIER[sdk=macosx*]" = "";
				SWIFT_VERSION = 5.0;
				TARGETED_DEVICE_FAMILY = "1,2";
				TEST_HOST = "$(BUILT_PRODUCTS_DIR)/NYTimesDemo.app/NYTimesDemo";
			};
			name = Debug;
		};
		8BF6513226F7CE730073BF8C /* Release */ = {
			isa = XCBuildConfiguration;
			buildSettings = {
				BUNDLE_LOADER = "$(TEST_HOST)";
				CODE_SIGN_STYLE = Manual;
				DEVELOPMENT_TEAM = "";
				INFOPLIST_FILE = NYTimesDemoTests/Info.plist;
				LD_RUNPATH_SEARCH_PATHS = (
					"$(inherited)",
					"@executable_path/Frameworks",
					"@loader_path/Frameworks",
				);
				PRODUCT_BUNDLE_IDENTIFIER = com.tickledmedia.NYTimesDemoTests;
				PRODUCT_NAME = "$(TARGET_NAME)";
				PROVISIONING_PROFILE_SPECIFIER = "";
				"PROVISIONING_PROFILE_SPECIFIER[sdk=macosx*]" = "";
				SWIFT_VERSION = 5.0;
				TARGETED_DEVICE_FAMILY = "1,2";
				TEST_HOST = "$(BUILT_PRODUCTS_DIR)/NYTimesDemo.app/NYTimesDemo";
			};
			name = Release;
		};
/* End XCBuildConfiguration section */

/* Begin XCConfigurationList section */
		8BF650E526F78D910073BF8C /* Build configuration list for PBXProject "NYTimesDemo" */ = {
			isa = XCConfigurationList;
			buildConfigurations = (
				8BF650FC26F78D930073BF8C /* Debug */,
				8BF650FD26F78D930073BF8C /* Release */,
			);
			defaultConfigurationIsVisible = 0;
			defaultConfigurationName = Release;
		};
		8BF650FE26F78D930073BF8C /* Build configuration list for PBXNativeTarget "NYTimesDemo" */ = {
			isa = XCConfigurationList;
			buildConfigurations = (
				8BF650FF26F78D930073BF8C /* Debug */,
				8BF6510026F78D930073BF8C /* Release */,
			);
			defaultConfigurationIsVisible = 0;
			defaultConfigurationName = Release;
		};
		8BF6513026F7CE730073BF8C /* Build configuration list for PBXNativeTarget "NYTimesDemoTests" */ = {
			isa = XCConfigurationList;
			buildConfigurations = (
				8BF6513126F7CE730073BF8C /* Debug */,
				8BF6513226F7CE730073BF8C /* Release */,
			);
			defaultConfigurationIsVisible = 0;
			defaultConfigurationName = Release;
		};
/* End XCConfigurationList section */
	};
	rootObject = 8BF650E226F78D910073BF8C /* Project object */;
}
